
Microsoft Visual Studio Solution File, Format Version 12.00
# Visual Studio Version 16
VisualStudioVersion = 16.0.31205.134
MinimumVisualStudioVersion = 10.0.40219.1
Project("{9A19103F-16F7-4668-BE54-9A1E7A4F7556}") = "ProductMng", "ProductMng\ProductMng.csproj", "{3E279042-B52C-4119-A2D5-EFEE33975983}"
EndProject
Project("{9A19103F-16F7-4668-BE54-9A1E7A4F7556}") = "DataLayer", "DataLayer\DataLayer.csproj", "{5271C8E2-4594-4092-9C10-1A02F5C1706F}"
EndProject
Project("{FAE04EC0-301F-11D3-BF4B-00C04F79EFBC}") = "mvc", "mvc\mvc.csproj", "{EFDF1118-2AB6-44BB-83C6-78468F970B8C}"
EndProject
Global
	GlobalSection(SolutionConfigurationPlatforms) = preSolution
		Debug|Any CPU = Debug|Any CPU
		Release|Any CPU = Release|Any CPU
	EndGlobalSection
	GlobalSection(ProjectConfigurationPlatforms) = postSolution
		{3E279042-B52C-4119-A2D5-EFEE33975983}.Debug|Any CPU.ActiveCfg = Debug|Any CPU
		{3E279042-B52C-4119-A2D5-EFEE33975983}.Debug|Any CPU.Build.0 = Debug|Any CPU
		{3E279042-B52C-4119-A2D5-EFEE33975983}.Release|Any CPU.ActiveCfg = Release|Any CPU
		{3E279042-B52C-4119-A2D5-EFEE33975983}.Release|Any CPU.Build.0 = Release|Any CPU
		{5271C8E2-4594-4092-9C10-1A02F5C1706F}.Debug|Any CPU.ActiveCfg = Debug|Any CPU
		{5271C8E2-4594-4092-9C10-1A02F5C1706F}.Debug|Any CPU.Build.0 = Debug|Any CPU
		{5271C8E2-4594-4092-9C10-1A02F5C1706F}.Release|Any CPU.ActiveCfg = Release|Any CPU
		{5271C8E2-4594-4092-9C10-1A02F5C1706F}.Release|Any CPU.Build.0 = Release|Any CPU
		{EFDF1118-2AB6-44BB-83C6-78468F970B8C}.Debug|Any CPU.ActiveCfg = Debug|Any CPU
		{EFDF1118-2AB6-44BB-83C6-78468F970B8C}.Debug|Any CPU.Build.0 = Debug|Any CPU
		{EFDF1118-2AB6-44BB-83C6-78468F970B8C}.Release|Any CPU.ActiveCfg = Release|Any CPU
		{EFDF1118-2AB6-44BB-83C6-78468F970B8C}.Release|Any CPU.Build.0 = Release|Any CPU
	EndGlobalSection
	GlobalSection(SolutionProperties) = preSolution
		HideSolutionNode = FALSE
	EndGlobalSection
	GlobalSection(ExtensibilityGlobals) = postSolution
		SolutionGuid = {FF5FD06C-E735-4BF2-BFE4-C0D0135D4B0B}
	EndGlobalSection
EndGlobal
